Microsoft Visual Studio Solution File, Format Version 12.00
# Visual Studio Version 16
VisualStudioVersion = 16.0.30320.27
MinimumVisualStudioVersion = 10.0.40219.1
Project("{9A19103F-16F7-4668-BE54-9A1E7A4F7556}") = "EventStore.Inspector", "EventStore.Inspector\EventStore.Inspector.csproj", "{637A2D81-F0BA-41FC-A1D9-1D1B2A446DD9}"
EndProject
Project("{9A19103F-16F7-4668-BE54-9A1E7A4F7556}") = "EventStore.Inspector.Common", "EventStore.Inspector.Common\EventStore.Inspector.Common.csproj", "{BCC75FD1-177E-46BF-A4D0-6DEBF9A2F184}"
EndProject
Project("{9A19103F-16F7-4668-BE54-9A1E7A4F7556}") = "EventStore.Inspector.Common.Tests", "EventStore.Inspector.Common.Tests\EventStore.Inspector.Common.Tests.csproj", "{5DE4D908-F273-41FB-BA67-B7A6B11EEEF2}"
EndProject
Project("{FAE04EC0-301F-11D3-BF4B-00C04F79EFBC}") = "EventStore.Inspector.Testing", "EventStore.Inspector.Testing\EventStore.Inspector.Testing.csproj", "{51B23A87-A61D-41FB-BA3D-169D49AC8166}"
EndProject
Global
	GlobalSection(SolutionConfigurationPlatforms) = preSolution
		Debug|Any CPU = Debug|Any CPU
		Release|Any CPU = Release|Any CPU
	EndGlobalSection
	GlobalSection(ProjectConfigurationPlatforms) = postSolution
		{637A2D81-F0BA-41FC-A1D9-1D1B2A446DD9}.Debug|Any CPU.ActiveCfg = Debug|Any CPU
		{637A2D81-F0BA-41FC-A1D9-1D1B2A446DD9}.Debug|Any CPU.Build.0 = Debug|Any CPU
		{637A2D81-F0BA-41FC-A1D9-1D1B2A446DD9}.Release|Any CPU.ActiveCfg = Release|Any CPU
		{637A2D81-F0BA-41FC-A1D9-1D1B2A446DD9}.Release|Any CPU.Build.0 = Release|Any CPU
		{BCC75FD1-177E-46BF-A4D0-6DEBF9A2F184}.Debug|Any CPU.ActiveCfg = Debug|Any CPU
		{BCC75FD1-177E-46BF-A4D0-6DEBF9A2F184}.Debug|Any CPU.Build.0 = Debug|Any CPU
		{BCC75FD1-177E-46BF-A4D0-6DEBF9A2F184}.Release|Any CPU.ActiveCfg = Release|Any CPU
		{BCC75FD1-177E-46BF-A4D0-6DEBF9A2F184}.Release|Any CPU.Build.0 = Release|Any CPU
		{5DE4D908-F273-41FB-BA67-B7A6B11EEEF2}.Debug|Any CPU.ActiveCfg = Debug|Any CPU
		{5DE4D908-F273-41FB-BA67-B7A6B11EEEF2}.Debug|Any CPU.Build.0 = Debug|Any CPU
		{5DE4D908-F273-41FB-BA67-B7A6B11EEEF2}.Release|Any CPU.ActiveCfg = Release|Any CPU
		{5DE4D908-F273-41FB-BA67-B7A6B11EEEF2}.Release|Any CPU.Build.0 = Release|Any CPU
		{51B23A87-A61D-41FB-BA3D-169D49AC8166}.Debug|Any CPU.ActiveCfg = Debug|Any CPU
		{51B23A87-A61D-41FB-BA3D-169D49AC8166}.Debug|Any CPU.Build.0 = Debug|Any CPU
		{51B23A87-A61D-41FB-BA3D-169D49AC8166}.Release|Any CPU.ActiveCfg = Release|Any CPU
		{51B23A87-A61D-41FB-BA3D-169D49AC8166}.Release|Any CPU.Build.0 = Release|Any CPU
	EndGlobalSection
	GlobalSection(SolutionProperties) = preSolution
		HideSolutionNode = FALSE
	EndGlobalSection
	GlobalSection(ExtensibilityGlobals) = postSolution
		SolutionGuid = {F1B99461-3AB7-4C86-82B6-1060D53D6684}
	EndGlobalSection
EndGlobal
